
Microsoft Visual Studio Solution File, Format Version 12.00
# Visual Studio Version 17
Project("{8BC9CEB8-8B4A-11D0-8D11-00A0C91BC942}") = "example_dx11", "example_dx11.vcxproj", "{4E6B0016-3ACE-8FBA-E353-C870CF955B3D}"
EndProject
Project("{8BC9CEB8-8B4A-11D0-8D11-00A0C91BC942}") = "example_dx12", "example_dx12.vcxproj", "{4F6B0016-3BCE-8FBA-E453-C870D0955B3D}"
EndProject
Global
	GlobalSection(SolutionConfigurationPlatforms) = preSolution
		Debug|x64 = Debug|x64
		Release|x64 = Release|x64
	EndGlobalSection
	GlobalSection(ProjectConfigurationPlatforms) = postSolution
		{4E6B0016-3ACE-8FBA-E353-C870CF955B3D}.Debug|x64.ActiveCfg = Debug|x64
		{4E6B0016-3ACE-8FBA-E353-C870CF955B3D}.Debug|x64.Build.0 = Debug|x64
		{4E6B0016-3ACE-8FBA-E353-C870CF955B3D}.Release|x64.ActiveCfg = Release|x64
		{4E6B0016-3ACE-8FBA-E353-C870CF955B3D}.Release|x64.Build.0 = Release|x64
		{4F6B0016-3BCE-8FBA-E453-C870D0955B3D}.Debug|x64.ActiveCfg = Debug|x64
		{4F6B0016-3BCE-8FBA-E453-C870D0955B3D}.Debug|x64.Build.0 = Debug|x64
		{4F6B0016-3BCE-8FBA-E453-C870D0955B3D}.Release|x64.ActiveCfg = Release|x64
		{4F6B0016-3BCE-8FBA-E453-C870D0955B3D}.Release|x64.Build.0 = Release|x64
	EndGlobalSection
	GlobalSection(SolutionProperties) = preSolution
		HideSolutionNode = FALSE
	EndGlobalSection
EndGlobal
